// !$*UTF8*$!
{
	archiveVersion = 1;
	classes = {
	};
	objectVersion = 46;
	objects = {

/* Begin PBXBuildFile section */
		230E73111D7821A2009B7C8E /* ListMediaItemCell.m in Sources */ = {isa = PBXBuildFile; fileRef = 230E73101D7821A2009B7C8E /* ListMediaItemCell.m */; };
		231D5E8D1D65509E00BC7286 /* main.m in Sources */ = {isa = PBXBuildFile; fileRef = 231D5E8C1D65509E00BC7286 /* main.m */; };
		231D5E901D65509E00BC7286 /* AppDelegate.m in Sources */ = {isa = PBXBuildFile; fileRef = 231D5E8F1D65509E00BC7286 /* AppDelegate.m */; };
		231D5E931D65509E00BC7286 /* ViewController.m in Sources */ = {isa = PBXBuildFile; fileRef = 231D5E921D65509E00BC7286 /* ViewController.m */; };
		231D5E981D65509E00BC7286 /* Assets.xcassets in Resources */ = {isa = PBXBuildFile; fileRef = 231D5E971D65509E00BC7286 /* Assets.xcassets */; };
		231D5E9B1D65509E00BC7286 /* LaunchScreen.storyboard in Resources */ = {isa = PBXBuildFile; fileRef = 231D5E991D65509E00BC7286 /* LaunchScreen.storyboard */; };
		231D5EA61D65509F00BC7286 /* TableviewCellCalculateHeightDemoTests.m in Sources */ = {isa = PBXBuildFile; fileRef = 231D5EA51D65509F00BC7286 /* TableviewCellCalculateHeightDemoTests.m */; };
		231D5EB11D65509F00BC7286 /* TableviewCellCalculateHeightDemoUITests.m in Sources */ = {isa = PBXBuildFile; fileRef = 231D5EB01D65509F00BC7286 /* TableviewCellCalculateHeightDemoUITests.m */; };
		231D5EC41D65523300BC7286 /* ListCell.m in Sources */ = {isa = PBXBuildFile; fileRef = 231D5EC31D65523300BC7286 /* ListCell.m */; };
		231D5EC71D65525300BC7286 /* CommentCell.m in Sources */ = {isa = PBXBuildFile; fileRef = 231D5EC61D65525300BC7286 /* CommentCell.m */; };
		231D5ECA1D65526700BC7286 /* ListCellModel.m in Sources */ = {isa = PBXBuildFile; fileRef = 231D5EC91D65526700BC7286 /* ListCellModel.m */; };
		231D5ECD1D65527300BC7286 /* CommentCellModel.m in Sources */ = {isa = PBXBuildFile; fileRef = 231D5ECC1D65527300BC7286 /* CommentCellModel.m */; };
		231D5ED21D655B4700BC7286 /* UITTTAttributedLabel.m in Sources */ = {isa = PBXBuildFile; fileRef = 231D5ED11D655B4700BC7286 /* UITTTAttributedLabel.m */; };
		231D5ED51D6560FC00BC7286 /* UIView+FrameCategory.m in Sources */ = {isa = PBXBuildFile; fileRef = 231D5ED41D6560FC00BC7286 /* UIView+FrameCategory.m */; };
		231D5ED81D65623300BC7286 /* UIColor+Additions.m in Sources */ = {isa = PBXBuildFile; fileRef = 231D5ED71D65623300BC7286 /* UIColor+Additions.m */; };
		231D5EE11D6587C100BC7286 /* UICustomCollectionView.m in Sources */ = {isa = PBXBuildFile; fileRef = 231D5EE01D6587C100BC7286 /* UICustomCollectionView.m */; };
		2321C5E51D8E2D0700596222 /* PhotoBrowserView.m in Sources */ = {isa = PBXBuildFile; fileRef = 2321C5E41D8E2D0700596222 /* PhotoBrowserView.m */; };
		23297F311D7EAC15001CF938 /* ListDataPlist.plist in Resources */ = {isa = PBXBuildFile; fileRef = 23297F301D7EAC15001CF938 /* ListDataPlist.plist */; };
		23297F341D7EC96B001CF938 /* OneAPM.framework in Frameworks */ = {isa = PBXBuildFile; fileRef = 23297F331D7EC96B001CF938 /* OneAPM.framework */; };
		23297F361D7EC9BF001CF938 /* SystemConfiguration.framework in Frameworks */ = {isa = PBXBuildFile; fileRef = 23297F351D7EC9BF001CF938 /* SystemConfiguration.framework */; };
		23297F381D7EC9C9001CF938 /* CoreTelephony.framework in Frameworks */ = {isa = PBXBuildFile; fileRef = 23297F371D7EC9C9001CF938 /* CoreTelephony.framework */; };
		23297F3A1D7EC9D3001CF938 /* CoreData.framework in Frameworks */ = {isa = PBXBuildFile; fileRef = 23297F391D7EC9D3001CF938 /* CoreData.framework */; };
		23297F3C1D7EC9E2001CF938 /* libz.tbd in Frameworks */ = {isa = PBXBuildFile; fileRef = 23297F3B1D7EC9E2001CF938 /* libz.tbd */; };
		23297F3E1D7EC9EB001CF938 /* libstdc++.tbd in Frameworks */ = {isa = PBXBuildFile; fileRef = 23297F3D1D7EC9EB001CF938 /* libstdc++.tbd */; };
		23297F421D7EEB89001CF938 /* LikeUsersCollectionCell.m in Sources */ = {isa = PBXBuildFile; fileRef = 23297F411D7EEB89001CF938 /* LikeUsersCollectionCell.m */; };
		23297F451D7EEE7C001CF938 /* UserModel.m in Sources */ = {isa = PBXBuildFile; fileRef = 23297F441D7EEE7C001CF938 /* UserModel.m */; };
		234100731D86915400DFA059 /* PhotoBrowserVC.m in Sources */ = {isa = PBXBuildFile; fileRef = 234100721D86915400DFA059 /* PhotoBrowserVC.m */; };
		23F937C21D6C30EE00CAFA99 /* NSString+Common.m in Sources */ = {isa = PBXBuildFile; fileRef = 23F937C11D6C30EE00CAFA99 /* NSString+Common.m */; };
		23F937C51D6C82DD00CAFA99 /* UILabel+Common.m in Sources */ = {isa = PBXBuildFile; fileRef = 23F937C41D6C82DD00CAFA99 /* UILabel+Common.m */; };
		C1C90BBD9366106603610093 /* libPods-TableviewCellCalculateHeightDemo.a in Frameworks */ = {isa = PBXBuildFile; fileRef = ADE536EF74AB845DC17C8D38 /* libPods-TableviewCellCalculateHeightDemo.a */; };
/* End PBXBuildFile section */

/* Begin PBXContainerItemProxy section */
		231D5EA21D65509F00BC7286 /* PBXContainerItemProxy */ = {
			isa = PBXContainerItemProxy;
			containerPortal = 231D5E801D65509E00BC7286 /* Project object */;
			proxyType = 1;
			remoteGlobalIDString = 231D5E871D65509E00BC7286;
			remoteInfo = TableviewCellCalculateHeightDemo;
		};
		231D5EAD1D65509F00BC7286 /* PBXContainerItemProxy */ = {
			isa = PBXContainerItemProxy;
			containerPortal = 231D5E801D65509E00BC7286 /* Project object */;
			proxyType = 1;
			remoteGlobalIDString = 231D5E871D65509E00BC7286;
			remoteInfo = TableviewCellCalculateHeightDemo;
		};
/* End PBXContainerItemProxy section */

/* Begin PBXFileReference section */
		230E730F1D7821A2009B7C8E /* ListMediaItemCell.h */ = {isa = PBXFileReference; fileEncoding = 4; lastKnownFileType = sourcecode.c.h; path = ListMediaItemCell.h; sourceTree = "<group>"; };
		230E73101D7821A2009B7C8E /* ListMediaItemCell.m */ = {isa = PBXFileReference; fileEncoding = 4; lastKnownFileType = sourcecode.c.objc; path = ListMediaItemCell.m; sourceTree = "<group>"; };
		231D5E881D65509E00BC7286 /* TableviewCellCalculateHeightDemo.app */ = {isa = PBXFileReference; explicitFileType = wrapper.application; includeInIndex = 0; path = TableviewCellCalculateHeightDemo.app; sourceTree = BUILT_PRODUCTS_DIR; };
		231D5E8C1D65509E00BC7286 /* main.m */ = {isa = PBXFileReference; lastKnownFileType = sourcecode.c.objc; path = main.m; sourceTree = "<group>"; };
		231D5E8E1D65509E00BC7286 /* AppDelegate.h */ = {isa = PBXFileReference; lastKnownFileType = sourcecode.c.h; path = AppDelegate.h; sourceTree = "<group>"; };
		231D5E8F1D65509E00BC7286 /* AppDelegate.m */ = {isa = PBXFileReference; lastKnownFileType = sourcecode.c.objc; path = AppDelegate.m; sourceTree = "<group>"; };
		231D5E911D65509E00BC7286 /* ViewController.h */ = {isa = PBXFileReference; lastKnownFileType = sourcecode.c.h; path = ViewController.h; sourceTree = "<group>"; };
		231D5E921D65509E00BC7286 /* ViewController.m */ = {isa = PBXFileReference; lastKnownFileType = sourcecode.c.objc; path = ViewController.m; sourceTree = "<group>"; };
		231D5E971D65509E00BC7286 /* Assets.xcassets */ = {isa = PBXFileReference; lastKnownFileType = folder.assetcatalog; path = Assets.xcassets; sourceTree = "<group>"; };
		231D5E9A1D65509E00BC7286 /* Base */ = {isa = PBXFileReference; lastKnownFileType = file.storyboard; name = Base; path = Base.lproj/LaunchScreen.storyboard; sourceTree = "<group>"; };
		231D5E9C1D65509E00BC7286 /* Info.plist */ = {isa = PBXFileReference; lastKnownFileType = text.plist.xml; path = Info.plist; sourceTree = "<group>"; };
		231D5EA11D65509F00BC7286 /* TableviewCellCalculateHeightDemoTests.xctest */ = {isa = PBXFileReference; explicitFileType = wrapper.cfbundle; includeInIndex = 0; path = TableviewCellCalculateHeightDemoTests.xctest; sourceTree = BUILT_PRODUCTS_DIR; };
		231D5EA51D65509F00BC7286 /* TableviewCellCalculateHeightDemoTests.m */ = {isa = PBXFileReference; lastKnownFileType = sourcecode.c.objc; path = TableviewCellCalculateHeightDemoTests.m; sourceTree = "<group>"; };
		231D5EA71D65509F00BC7286 /* Info.plist */ = {isa = PBXFileReference; lastKnownFileType = text.plist.xml; path = Info.plist; sourceTree = "<group>"; };
		231D5EAC1D65509F00BC7286 /* TableviewCellCalculateHeightDemoUITests.xctest */ = {isa = PBXFileReference; explicitFileType = wrapper.cfbundle; includeInIndex = 0; path = TableviewCellCalculateHeightDemoUITests.xctest; sourceTree = BUILT_PRODUCTS_DIR; };
		231D5EB01D65509F00BC7286 /* TableviewCellCalculateHeightDemoUITests.m */ = {isa = PBXFileReference; lastKnownFileType = sourcecode.c.objc; path = TableviewCellCalculateHeightDemoUITests.m; sourceTree = "<group>"; };
		231D5EB21D65509F00BC7286 /* Info.plist */ = {isa = PBXFileReference; lastKnownFileType = text.plist.xml; path = Info.plist; sourceTree = "<group>"; };
		231D5EC21D65523300BC7286 /* ListCell.h */ = {isa = PBXFileReference; fileEncoding = 4; lastKnownFileType = sourcecode.c.h; path = ListCell.h; sourceTree = "<group>"; };
		231D5EC31D65523300BC7286 /* ListCell.m */ = {isa = PBXFileReference; fileEncoding = 4; lastKnownFileType = sourcecode.c.objc; path = ListCell.m; sourceTree = "<group>"; };
		231D5EC51D65525300BC7286 /* CommentCell.h */ = {isa = PBXFileReference; fileEncoding = 4; lastKnownFileType = sourcecode.c.h; path = CommentCell.h; sourceTree = "<group>"; };
		231D5EC61D65525300BC7286 /* CommentCell.m */ = {isa = PBXFileReference; fileEncoding = 4; lastKnownFileType = sourcecode.c.objc; path = CommentCell.m; sourceTree = "<group>"; };
		231D5EC81D65526700BC7286 /* ListCellModel.h */ = {isa = PBXFileReference; fileEncoding = 4; lastKnownFileType = sourcecode.c.h; path = ListCellModel.h; sourceTree = "<group>"; };
		231D5EC91D65526700BC7286 /* ListCellModel.m */ = {isa = PBXFileReference; fileEncoding = 4; lastKnownFileType = sourcecode.c.objc; path = ListCellModel.m; sourceTree = "<group>"; };
		231D5ECB1D65527300BC7286 /* CommentCellModel.h */ = {isa = PBXFileReference; fileEncoding = 4; lastKnownFileType = sourcecode.c.h; path = CommentCellModel.h; sourceTree = "<group>"; };
		231D5ECC1D65527300BC7286 /* CommentCellModel.m */ = {isa = PBXFileReference; fileEncoding = 4; lastKnownFileType = sourcecode.c.objc; path = CommentCellModel.m; sourceTree = "<group>"; };
		231D5ECE1D65528F00BC7286 /* common.h */ = {isa = PBXFileReference; lastKnownFileType = sourcecode.c.h; path = common.h; sourceTree = "<group>"; };
		231D5ED01D655B4700BC7286 /* UITTTAttributedLabel.h */ = {isa = PBXFileReference; fileEncoding = 4; lastKnownFileType = sourcecode.c.h; path = UITTTAttributedLabel.h; sourceTree = "<group>"; };
		231D5ED11D655B4700BC7286 /* UITTTAttributedLabel.m */ = {isa = PBXFileReference; fileEncoding = 4; lastKnownFileType = sourcecode.c.objc; path = UITTTAttributedLabel.m; sourceTree = "<group>"; };
		231D5ED31D6560FC00BC7286 /* UIView+FrameCategory.h */ = {isa = PBXFileReference; fileEncoding = 4; lastKnownFileType = sourcecode.c.h; path = "UIView+FrameCategory.h"; sourceTree = "<group>"; };
		231D5ED41D6560FC00BC7286 /* UIView+FrameCategory.m */ = {isa = PBXFileReference; fileEncoding = 4; lastKnownFileType = sourcecode.c.objc; path = "UIView+FrameCategory.m"; sourceTree = "<group>"; };
		231D5ED61D65623300BC7286 /* UIColor+Additions.h */ = {isa = PBXFileReference; fileEncoding = 4; lastKnownFileType = sourcecode.c.h; path = "UIColor+Additions.h"; sourceTree = "<group>"; };
		231D5ED71D65623300BC7286 /* UIColor+Additions.m */ = {isa = PBXFileReference; fileEncoding = 4; lastKnownFileType = sourcecode.c.objc; path = "UIColor+Additions.m"; sourceTree = "<group>"; };
		231D5EDF1D6587C100BC7286 /* UICustomCollectionView.h */ = {isa = PBXFileReference; fileEncoding = 4; lastKnownFileType = sourcecode.c.h; path = UICustomCollectionView.h; sourceTree = "<group>"; };
		231D5EE01D6587C100BC7286 /* UICustomCollectionView.m */ = {isa = PBXFileReference; fileEncoding = 4; lastKnownFileType = sourcecode.c.objc; path = UICustomCollectionView.m; sourceTree = "<group>"; };
		2321C5E31D8E2D0700596222 /* PhotoBrowserView.h */ = {isa = PBXFileReference; fileEncoding = 4; lastKnownFileType = sourcecode.c.h; path = PhotoBrowserView.h; sourceTree = "<group>"; };
		2321C5E41D8E2D0700596222 /* PhotoBrowserView.m */ = {isa = PBXFileReference; fileEncoding = 4; lastKnownFileType = sourcecode.c.objc; path = PhotoBrowserView.m; sourceTree = "<group>"; };
		23297F301D7EAC15001CF938 /* ListDataPlist.plist */ = {isa = PBXFileReference; fileEncoding = 4; lastKnownFileType = text.plist.xml; path = ListDataPlist.plist; sourceTree = "<group>"; };
		23297F331D7EC96B001CF938 /* OneAPM.framework */ = {isa = PBXFileReference; lastKnownFileType = wrapper.framework; path = OneAPM.framework; sourceTree = "<group>"; };
		23297F351D7EC9BF001CF938 /* SystemConfiguration.framework */ = {isa = PBXFileReference; lastKnownFileType = wrapper.framework; name = SystemConfiguration.framework; path = System/Library/Frameworks/SystemConfiguration.framework; sourceTree = SDKROOT; };
		23297F371D7EC9C9001CF938 /* CoreTelephony.framework */ = {isa = PBXFileReference; lastKnownFileType = wrapper.framework; name = CoreTelephony.framework; path = System/Library/Frameworks/CoreTelephony.framework; sourceTree = SDKROOT; };
		23297F391D7EC9D3001CF938 /* CoreData.framework */ = {isa = PBXFileReference; lastKnownFileType = wrapper.framework; name = CoreData.framework; path = System/Library/Frameworks/CoreData.framework; sourceTree = SDKROOT; };
		23297F3B1D7EC9E2001CF938 /* libz.tbd */ = {isa = PBXFileReference; lastKnownFileType = "sourcecode.text-based-dylib-definition"; name = libz.tbd; path = usr/lib/libz.tbd; sourceTree = SDKROOT; };
		23297F3D1D7EC9EB001CF938 /* libstdc++.tbd */ = {isa = PBXFileReference; lastKnownFileType = "sourcecode.text-based-dylib-definition"; name = "libstdc++.tbd"; path = "usr/lib/libstdc++.tbd"; sourceTree = SDKROOT; };
		23297F3F1D7ECA2D001CF938 /* PrefixHeader.pch */ = {isa = PBXFileReference; lastKnownFileType = sourcecode.c.h; path = PrefixHeader.pch; sourceTree = "<group>"; };
		23297F401D7EEB89001CF938 /* LikeUsersCollectionCell.h */ = {isa = PBXFileReference; fileEncoding = 4; lastKnownFileType = sourcecode.c.h; path = LikeUsersCollectionCell.h; sourceTree = "<group>"; };
		23297F411D7EEB89001CF938 /* LikeUsersCollectionCell.m */ = {isa = PBXFileReference; fileEncoding = 4; lastKnownFileType = sourcecode.c.objc; path = LikeUsersCollectionCell.m; sourceTree = "<group>"; };
		23297F431D7EEE7C001CF938 /* UserModel.h */ = {isa = PBXFileReference; fileEncoding = 4; lastKnownFileType = sourcecode.c.h; path = UserModel.h; sourceTree = "<group>"; };
		23297F441D7EEE7C001CF938 /* UserModel.m */ = {isa = PBXFileReference; fileEncoding = 4; lastKnownFileType = sourcecode.c.objc; path = UserModel.m; sourceTree = "<group>"; };
		234100711D86915400DFA059 /* PhotoBrowserVC.h */ = {isa = PBXFileReference; fileEncoding = 4; lastKnownFileType = sourcecode.c.h; path = PhotoBrowserVC.h; sourceTree = "<group>"; };
		234100721D86915400DFA059 /* PhotoBrowserVC.m */ = {isa = PBXFileReference; fileEncoding = 4; lastKnownFileType = sourcecode.c.objc; path = PhotoBrowserVC.m; sourceTree = "<group>"; };
		234828951DAE0D180016B481 /* PhotoBrowserConfig.h */ = {isa = PBXFileReference; fileEncoding = 4; lastKnownFileType = sourcecode.c.h; path = PhotoBrowserConfig.h; sourceTree = "<group>"; };
		23F937C01D6C30EE00CAFA99 /* NSString+Common.h */ = {isa = PBXFileReference; fileEncoding = 4; lastKnownFileType = sourcecode.c.h; path = "NSString+Common.h"; sourceTree = "<group>"; };
		23F937C11D6C30EE00CAFA99 /* NSString+Common.m */ = {isa = PBXFileReference; fileEncoding = 4; lastKnownFileType = sourcecode.c.objc; path = "NSString+Common.m"; sourceTree = "<group>"; };
		23F937C31D6C82DD00CAFA99 /* UILabel+Common.h */ = {isa = PBXFileReference; fileEncoding = 4; lastKnownFileType = sourcecode.c.h; path = "UILabel+Common.h"; sourceTree = "<group>"; };
		23F937C41D6C82DD00CAFA99 /* UILabel+Common.m */ = {isa = PBXFileReference; fileEncoding = 4; lastKnownFileType = sourcecode.c.objc; path = "UILabel+Common.m"; sourceTree = "<group>"; };
		ABDDBB74D3D02846C7D2F65A /* Pods-TableviewCellCalculateHeightDemo.release.xcconfig */ = {isa = PBXFileReference; includeInIndex = 1; lastKnownFileType = text.xcconfig; name = "Pods-TableviewCellCalculateHeightDemo.release.xcconfig"; path = "Pods/Target Support Files/Pods-TableviewCellCalculateHeightDemo/Pods-TableviewCellCalculateHeightDemo.release.xcconfig"; sourceTree = "<group>"; };
		ADE536EF74AB845DC17C8D38 /* libPods-TableviewCellCalculateHeightDemo.a */ = {isa = PBXFileReference; explicitFileType = archive.ar; includeInIndex = 0; path = "libPods-TableviewCellCalculateHeightDemo.a"; sourceTree = BUILT_PRODUCTS_DIR; };
		C10E9A8339F2E46E4EAFE867 /* Pods-TableviewCellCalculateHeightDemo.debug.xcconfig */ = {isa = PBXFileReference; includeInIndex = 1; lastKnownFileType = text.xcconfig; name = "Pods-TableviewCellCalculateHeightDemo.debug.xcconfig"; path = "Pods/Target Support Files/Pods-TableviewCellCalculateHeightDemo/Pods-TableviewCellCalculateHeightDemo.debug.xcconfig"; sourceTree = "<group>"; };
/* End PBXFileReference section */

/* Begin PBXFrameworksBuildPhase section */
		231D5E851D65509E00BC7286 /* Frameworks */ = {
			isa = PBXFrameworksBuildPhase;
			buildActionMask = 2147483647;
			files = (
				23297F3E1D7EC9EB001CF938 /* libstdc++.tbd in Frameworks */,
				23297F3C1D7EC9E2001CF938 /* libz.tbd in Frameworks */,
				23297F3A1D7EC9D3001CF938 /* CoreData.framework in Frameworks */,
				23297F381D7EC9C9001CF938 /* CoreTelephony.framework in Frameworks */,
				23297F361D7EC9BF001CF938 /* SystemConfiguration.framework in Frameworks */,
				23297F341D7EC96B001CF938 /* OneAPM.framework in Frameworks */,
				C1C90BBD9366106603610093 /* libPods-TableviewCellCalculateHeightDemo.a in Frameworks */,
			);
			runOnlyForDeploymentPostprocessing = 0;
		};
		231D5E9E1D65509F00BC7286 /* Frameworks */ = {
			isa = PBXFrameworksBuildPhase;
			buildActionMask = 2147483647;
			files = (
			);
			runOnlyForDeploymentPostprocessing = 0;
		};
		231D5EA91D65509F00BC7286 /* Frameworks */ = {
			isa = PBXFrameworksBuildPhase;
			buildActionMask = 2147483647;
			files = (
			);
			runOnlyForDeploymentPostprocessing = 0;
		};
/* End PBXFrameworksBuildPhase section */

/* Begin PBXGroup section */
		231D5E7F1D65509E00BC7286 = {
			isa = PBXGroup;
			children = (
				231D5E8A1D65509E00BC7286 /* TableviewCellCalculateHeightDemo */,
				231D5EA41D65509F00BC7286 /* TableviewCellCalculateHeightDemoTests */,
				231D5EAF1D65509F00BC7286 /* TableviewCellCalculateHeightDemoUITests */,
				231D5E891D65509E00BC7286 /* Products */,
				F516BD81D5BEAB2E702CE145 /* Pods */,
				94ABF6BE03E2D3259684C799 /* Frameworks */,
			);
			sourceTree = "<group>";
		};
		231D5E891D65509E00BC7286 /* Products */ = {
			isa = PBXGroup;
			children = (
				231D5E881D65509E00BC7286 /* TableviewCellCalculateHeightDemo.app */,
				231D5EA11D65509F00BC7286 /* TableviewCellCalculateHeightDemoTests.xctest */,
				231D5EAC1D65509F00BC7286 /* TableviewCellCalculateHeightDemoUITests.xctest */,
			);
			name = Products;
			sourceTree = "<group>";
		};
		231D5E8A1D65509E00BC7286 /* TableviewCellCalculateHeightDemo */ = {
			isa = PBXGroup;
			children = (
				23297F321D7EC951001CF938 /* ThrSDK */,
				231D5ECF1D655AFC00BC7286 /* common */,
				231D5EC11D6551E500BC7286 /* otherFile */,
				231D5EC01D6551DE00BC7286 /* model */,
				231D5EBF1D6551D900BC7286 /* view */,
				231D5EBE1D6551CF00BC7286 /* controller */,
				231D5E8B1D65509E00BC7286 /* Supporting Files */,
			);
			path = TableviewCellCalculateHeightDemo;
			sourceTree = "<group>";
		};
		231D5E8B1D65509E00BC7286 /* Supporting Files */ = {
			isa = PBXGroup;
			children = (
				231D5E8C1D65509E00BC7286 /* main.m */,
			);
			name = "Supporting Files";
			sourceTree = "<group>";
		};
		231D5EA41D65509F00BC7286 /* TableviewCellCalculateHeightDemoTests */ = {
			isa = PBXGroup;
			children = (
				231D5EA51D65509F00BC7286 /* TableviewCellCalculateHeightDemoTests.m */,
				231D5EA71D65509F00BC7286 /* Info.plist */,
			);
			path = TableviewCellCalculateHeightDemoTests;
			sourceTree = "<group>";
		};
		231D5EAF1D65509F00BC7286 /* TableviewCellCalculateHeightDemoUITests */ = {
			isa = PBXGroup;
			children = (
				231D5EB01D65509F00BC7286 /* TableviewCellCalculateHeightDemoUITests.m */,
				231D5EB21D65509F00BC7286 /* Info.plist */,
			);
			path = TableviewCellCalculateHeightDemoUITests;
			sourceTree = "<group>";
		};
		231D5EBE1D6551CF00BC7286 /* controller */ = {
			isa = PBXGroup;
			children = (
				231D5E911D65509E00BC7286 /* ViewController.h */,
				231D5E921D65509E00BC7286 /* ViewController.m */,
			);
			name = controller;
			sourceTree = "<group>";
		};
		231D5EBF1D6551D900BC7286 /* view */ = {
			isa = PBXGroup;
			children = (
				234100701D8690E200DFA059 /* PhotoBrowser */,
				231D5EC21D65523300BC7286 /* ListCell.h */,
				231D5EC31D65523300BC7286 /* ListCell.m */,
				231D5EC51D65525300BC7286 /* CommentCell.h */,
				231D5EC61D65525300BC7286 /* CommentCell.m */,
				230E730F1D7821A2009B7C8E /* ListMediaItemCell.h */,
				230E73101D7821A2009B7C8E /* ListMediaItemCell.m */,
				23297F401D7EEB89001CF938 /* LikeUsersCollectionCell.h */,
				23297F411D7EEB89001CF938 /* LikeUsersCollectionCell.m */,
			);
			name = view;
			sourceTree = "<group>";
		};
		231D5EC01D6551DE00BC7286 /* model */ = {
			isa = PBXGroup;
			children = (
				231D5EC81D65526700BC7286 /* ListCellModel.h */,
				231D5EC91D65526700BC7286 /* ListCellModel.m */,
				231D5ECB1D65527300BC7286 /* CommentCellModel.h */,
				231D5ECC1D65527300BC7286 /* CommentCellModel.m */,
				23297F431D7EEE7C001CF938 /* UserModel.h */,
				23297F441D7EEE7C001CF938 /* UserModel.m */,
			);
			name = model;
			sourceTree = "<group>";
		};
		231D5EC11D6551E500BC7286 /* otherFile */ = {
			isa = PBXGroup;
			children = (
				231D5E971D65509E00BC7286 /* Assets.xcassets */,
				231D5E991D65509E00BC7286 /* LaunchScreen.storyboard */,
				231D5E9C1D65509E00BC7286 /* Info.plist */,
				231D5E8E1D65509E00BC7286 /* AppDelegate.h */,
				231D5E8F1D65509E00BC7286 /* AppDelegate.m */,
				23297F301D7EAC15001CF938 /* ListDataPlist.plist */,
				23297F3F1D7ECA2D001CF938 /* PrefixHeader.pch */,
			);
			name = otherFile;
			sourceTree = "<group>";
		};
		231D5ECF1D655AFC00BC7286 /* common */ = {
			isa = PBXGroup;
			children = (
				231D5ECE1D65528F00BC7286 /* common.h */,
				231D5ED01D655B4700BC7286 /* UITTTAttributedLabel.h */,
				231D5ED11D655B4700BC7286 /* UITTTAttributedLabel.m */,
				231D5ED31D6560FC00BC7286 /* UIView+FrameCategory.h */,
				231D5ED41D6560FC00BC7286 /* UIView+FrameCategory.m */,
				231D5ED61D65623300BC7286 /* UIColor+Additions.h */,
				231D5ED71D65623300BC7286 /* UIColor+Additions.m */,
				231D5EDF1D6587C100BC7286 /* UICustomCollectionView.h */,
				231D5EE01D6587C100BC7286 /* UICustomCollectionView.m */,
				23F937C01D6C30EE00CAFA99 /* NSString+Common.h */,
				23F937C11D6C30EE00CAFA99 /* NSString+Common.m */,
				23F937C31D6C82DD00CAFA99 /* UILabel+Common.h */,
				23F937C41D6C82DD00CAFA99 /* UILabel+Common.m */,
			);
			name = common;
			sourceTree = "<group>";
		};
		23297F321D7EC951001CF938 /* ThrSDK */ = {
			isa = PBXGroup;
			children = (
				23297F331D7EC96B001CF938 /* OneAPM.framework */,
			);
			name = ThrSDK;
			sourceTree = "<group>";
		};
		234100701D8690E200DFA059 /* PhotoBrowser */ = {
			isa = PBXGroup;
			children = (
				234100711D86915400DFA059 /* PhotoBrowserVC.h */,
				234100721D86915400DFA059 /* PhotoBrowserVC.m */,
				2321C5E31D8E2D0700596222 /* PhotoBrowserView.h */,
				2321C5E41D8E2D0700596222 /* PhotoBrowserView.m */,
				234828951DAE0D180016B481 /* PhotoBrowserConfig.h */,
			);
			name = PhotoBrowser;
			sourceTree = "<group>";
		};
		94ABF6BE03E2D3259684C799 /* Frameworks */ = {
			isa = PBXGroup;
			children = (
				23297F3D1D7EC9EB001CF938 /* libstdc++.tbd */,
				23297F3B1D7EC9E2001CF938 /* libz.tbd */,
				23297F391D7EC9D3001CF938 /* CoreData.framework */,
				23297F371D7EC9C9001CF938 /* CoreTelephony.framework */,
				23297F351D7EC9BF001CF938 /* SystemConfiguration.framework */,
				ADE536EF74AB845DC17C8D38 /* libPods-TableviewCellCalculateHeightDemo.a */,
			);
			name = Frameworks;
			sourceTree = "<group>";
		};
		F516BD81D5BEAB2E702CE145 /* Pods */ = {
			isa = PBXGroup;
			children = (
				C10E9A8339F2E46E4EAFE867 /* Pods-TableviewCellCalculateHeightDemo.debug.xcconfig */,
				ABDDBB74D3D02846C7D2F65A /* Pods-TableviewCellCalculateHeightDemo.release.xcconfig */,
			);
			name = Pods;
			sourceTree = "<group>";
		};
/* End PBXGroup section */

/* Begin PBXNativeTarget section */
		231D5E871D65509E00BC7286 /* TableviewCellCalculateHeightDemo */ = {
			isa = PBXNativeTarget;
			buildConfigurationList = 231D5EB51D65509F00BC7286 /* Build configuration list for PBXNativeTarget "TableviewCellCalculateHeightDemo" */;
			buildPhases = (
				4A93FE191F8DC15B733B5F80 /* 📦 Check Pods Manifest.lock */,
				231D5E841D65509E00BC7286 /* Sources */,
				231D5E851D65509E00BC7286 /* Frameworks */,
				231D5E861D65509E00BC7286 /* Resources */,
				3F3F5FB176611646203CA673 /* 📦 Embed Pods Frameworks */,
				0713F4C6EA0E5ACAE14997C1 /* 📦 Copy Pods Resources */,
			);
			buildRules = (
			);
			dependencies = (
			);
			name = TableviewCellCalculateHeightDemo;
			productName = TableviewCellCalculateHeightDemo;
			productReference = 231D5E881D65509E00BC7286 /* TableviewCellCalculateHeightDemo.app */;
			productType = "com.apple.product-type.application";
		};
		231D5EA01D65509F00BC7286 /* TableviewCellCalculateHeightDemoTests */ = {
			isa = PBXNativeTarget;
			buildConfigurationList = 231D5EB81D65509F00BC7286 /* Build configuration list for PBXNativeTarget "TableviewCellCalculateHeightDemoTests" */;
			buildPhases = (
				231D5E9D1D65509F00BC7286 /* Sources */,
				231D5E9E1D65509F00BC7286 /* Frameworks */,
				231D5E9F1D65509F00BC7286 /* Resources */,
			);
			buildRules = (
			);
			dependencies = (
				231D5EA31D65509F00BC7286 /* PBXTargetDependency */,
			);
			name = TableviewCellCalculateHeightDemoTests;
			productName = TableviewCellCalculateHeightDemoTests;
			productReference = 231D5EA11D65509F00BC7286 /* TableviewCellCalculateHeightDemoTests.xctest */;
			productType = "com.apple.product-type.bundle.unit-test";
		};
		231D5EAB1D65509F00BC7286 /* TableviewCellCalculateHeightDemoUITests */ = {
			isa = PBXNativeTarget;
			buildConfigurationList = 231D5EBB1D65509F00BC7286 /* Build configuration list for PBXNativeTarget "TableviewCellCalculateHeightDemoUITests" */;
			buildPhases = (
				231D5EA81D65509F00BC7286 /* Sources */,
				231D5EA91D65509F00BC7286 /* Frameworks */,
				231D5EAA1D65509F00BC7286 /* Resources */,
			);
			buildRules = (
			);
			dependencies = (
				231D5EAE1D65509F00BC7286 /* PBXTargetDependency */,
			);
			name = TableviewCellCalculateHeightDemoUITests;
			productName = TableviewCellCalculateHeightDemoUITests;
			productReference = 231D5EAC1D65509F00BC7286 /* TableviewCellCalculateHeightDemoUITests.xctest */;
			productType = "com.apple.product-type.bundle.ui-testing";
		};
/* End PBXNativeTarget section */

/* Begin PBXProject section */
		231D5E801D65509E00BC7286 /* Project object */ = {
			isa = PBXProject;
			attributes = {
				LastUpgradeCheck = 0730;
				ORGANIZATIONNAME = junanxin;
				TargetAttributes = {
					231D5E871D65509E00BC7286 = {
						CreatedOnToolsVersion = 7.3.1;
						DevelopmentTeam = 94KPU2F73G;
					};
					231D5EA01D65509F00BC7286 = {
						CreatedOnToolsVersion = 7.3.1;
						TestTargetID = 231D5E871D65509E00BC7286;
					};
					231D5EAB1D65509F00BC7286 = {
						CreatedOnToolsVersion = 7.3.1;
						TestTargetID = 231D5E871D65509E00BC7286;
					};
				};
			};
			buildConfigurationList = 231D5E831D65509E00BC7286 /* Build configuration list for PBXProject "TableviewCellCalculateHeightDemo" */;
			compatibilityVersion = "Xcode 3.2";
			developmentRegion = English;
			hasScannedForEncodings = 0;
			knownRegions = (
				en,
				Base,
			);
			mainGroup = 231D5E7F1D65509E00BC7286;
			productRefGroup = 231D5E891D65509E00BC7286 /* Products */;
			projectDirPath = "";
			projectRoot = "";
			targets = (
				231D5E871D65509E00BC7286 /* TableviewCellCalculateHeightDemo */,
				231D5EA01D65509F00BC7286 /* TableviewCellCalculateHeightDemoTests */,
				231D5EAB1D65509F00BC7286 /* TableviewCellCalculateHeightDemoUITests */,
			);
		};
/* End PBXProject section */

/* Begin PBXResourcesBuildPhase section */
		231D5E861D65509E00BC7286 /* Resources */ = {
			isa = PBXResourcesBuildPhase;
			buildActionMask = 2147483647;
			files = (
				231D5E9B1D65509E00BC7286 /* LaunchScreen.storyboard in Resources */,
				231D5E981D65509E00BC7286 /* Assets.xcassets in Resources */,
				23297F311D7EAC15001CF938 /* ListDataPlist.plist in Resources */,
			);
			runOnlyForDeploymentPostprocessing = 0;
		};
		231D5E9F1D65509F00BC7286 /* Resources */ = {
			isa = PBXResourcesBuildPhase;
			buildActionMask = 2147483647;
			files = (
			);
			runOnlyForDeploymentPostprocessing = 0;
		};
		231D5EAA1D65509F00BC7286 /* Resources */ = {
			isa = PBXResourcesBuildPhase;
			buildActionMask = 2147483647;
			files = (
			);
			runOnlyForDeploymentPostprocessing = 0;
		};
/* End PBXResourcesBuildPhase section */

/* Begin PBXShellScriptBuildPhase section */
		0713F4C6EA0E5ACAE14997C1 /* 📦 Copy Pods Resources */ = {
			isa = PBXShellScriptBuildPhase;
			buildActionMask = 2147483647;
			files = (
			);
			inputPaths = (
			);
			name = "📦 Copy Pods Resources";
			outputPaths = (
			);
			runOnlyForDeploymentPostprocessing = 0;
			shellPath = /bin/sh;
			shellScript = "\"${SRCROOT}/Pods/Target Support Files/Pods-TableviewCellCalculateHeightDemo/Pods-TableviewCellCalculateHeightDemo-resources.sh\"\n";
			showEnvVarsInLog = 0;
		};
		3F3F5FB176611646203CA673 /* 📦 Embed Pods Frameworks */ = {
			isa = PBXShellScriptBuildPhase;
			buildActionMask = 2147483647;
			files = (
			);
			inputPaths = (
			);
			name = "📦 Embed Pods Frameworks";
			outputPaths = (
			);
			runOnlyForDeploymentPostprocessing = 0;
			shellPath = /bin/sh;
			shellScript = "\"${SRCROOT}/Pods/Target Support Files/Pods-TableviewCellCalculateHeightDemo/Pods-TableviewCellCalculateHeightDemo-frameworks.sh\"\n";
			showEnvVarsInLog = 0;
		};
		4A93FE191F8DC15B733B5F80 /* 📦 Check Pods Manifest.lock */ = {
			isa = PBXShellScriptBuildPhase;
			buildActionMask = 2147483647;
			files = (
			);
			inputPaths = (
			);
			name = "📦 Check Pods Manifest.lock";
			outputPaths = (
			);
			runOnlyForDeploymentPostprocessing = 0;
			shellPath = /bin/sh;
			shellScript = "diff \"${PODS_ROOT}/../Podfile.lock\" \"${PODS_ROOT}/Manifest.lock\" > /dev/null\nif [[ $? != 0 ]] ; then\n    cat << EOM\nerror: The sandbox is not in sync with the Podfile.lock. Run 'pod install' or update your CocoaPods installation.\nEOM\n    exit 1\nfi\n";
			showEnvVarsInLog = 0;
		};
/* End PBXShellScriptBuildPhase section */

/* Begin PBXSourcesBuildPhase section */
		231D5E841D65509E00BC7286 /* Sources */ = {
			isa = PBXSourcesBuildPhase;
			buildActionMask = 2147483647;
			files = (
				231D5ECD1D65527300BC7286 /* CommentCellModel.m in Sources */,
				23F937C51D6C82DD00CAFA99 /* UILabel+Common.m in Sources */,
				231D5E931D65509E00BC7286 /* ViewController.m in Sources */,
				231D5EC41D65523300BC7286 /* ListCell.m in Sources */,
				2321C5E51D8E2D0700596222 /* PhotoBrowserView.m in Sources */,
				231D5ED21D655B4700BC7286 /* UITTTAttributedLabel.m in Sources */,
				23F937C21D6C30EE00CAFA99 /* NSString+Common.m in Sources */,
				23297F451D7EEE7C001CF938 /* UserModel.m in Sources */,
				231D5ED51D6560FC00BC7286 /* UIView+FrameCategory.m in Sources */,
				231D5ED81D65623300BC7286 /* UIColor+Additions.m in Sources */,
				23297F421D7EEB89001CF938 /* LikeUsersCollectionCell.m in Sources */,
				231D5EE11D6587C100BC7286 /* UICustomCollectionView.m in Sources */,
				230E73111D7821A2009B7C8E /* ListMediaItemCell.m in Sources */,
				231D5E901D65509E00BC7286 /* AppDelegate.m in Sources */,
				234100731D86915400DFA059 /* PhotoBrowserVC.m in Sources */,
				231D5ECA1D65526700BC7286 /* ListCellModel.m in Sources */,
				231D5EC71D65525300BC7286 /* CommentCell.m in Sources */,
				231D5E8D1D65509E00BC7286 /* main.m in Sources */,
			);
			runOnlyForDeploymentPostprocessing = 0;
		};
		231D5E9D1D65509F00BC7286 /* Sources */ = {
			isa = PBXSourcesBuildPhase;
			buildActionMask = 2147483647;
			files = (
				231D5EA61D65509F00BC7286 /* TableviewCellCalculateHeightDemoTests.m in Sources */,
			);
			runOnlyForDeploymentPostprocessing = 0;
		};
		231D5EA81D65509F00BC7286 /* Sources */ = {
			isa = PBXSourcesBuildPhase;
			buildActionMask = 2147483647;
			files = (
				231D5EB11D65509F00BC7286 /* TableviewCellCalculateHeightDemoUITests.m in Sources */,
			);
			runOnlyForDeploymentPostprocessing = 0;
		};
/* End PBXSourcesBuildPhase section */

/* Begin PBXTargetDependency section */
		231D5EA31D65509F00BC7286 /* PBXTargetDependency */ = {
			isa = PBXTargetDependency;
			target = 231D5E871D65509E00BC7286 /* TableviewCellCalculateHeightDemo */;
			targetProxy = 231D5EA21D65509F00BC7286 /* PBXContainerItemProxy */;
		};
		231D5EAE1D65509F00BC7286 /* PBXTargetDependency */ = {
			isa = PBXTargetDependency;
			target = 231D5E871D65509E00BC7286 /* TableviewCellCalculateHeightDemo */;
			targetProxy = 231D5EAD1D65509F00BC7286 /* PBXContainerItemProxy */;
		};
/* End PBXTargetDependency section */

/* Begin PBXVariantGroup section */
		231D5E991D65509E00BC7286 /* LaunchScreen.storyboard */ = {
			isa = PBXVariantGroup;
			children = (
				231D5E9A1D65509E00BC7286 /* Base */,
			);
			name = LaunchScreen.storyboard;
			sourceTree = "<group>";
		};
/* End PBXVariantGroup section */

/* Begin XCBuildConfiguration section */
		231D5EB31D65509F00BC7286 /* Debug */ = {
			isa = XCBuildConfiguration;
			buildSettings = {
				ALWAYS_SEARCH_USER_PATHS = NO;
				CLANG_ANALYZER_NONNULL = YES;
				CLANG_CXX_LANGUAGE_STANDARD = "gnu++0x";
				CLANG_CXX_LIBRARY = "libc++";
				CLANG_ENABLE_MODULES = YES;
				CLANG_ENABLE_OBJC_ARC = YES;
				CLANG_WARN_BOOL_CONVERSION = YES;
				CLANG_WARN_CONSTANT_CONVERSION = YES;
				CLANG_WARN_DIRECT_OBJC_ISA_USAGE = YES_ERROR;
				CLANG_WARN_EMPTY_BODY = YES;
				CLANG_WARN_ENUM_CONVERSION = YES;
				CLANG_WARN_INT_CONVERSION = YES;
				CLANG_WARN_OBJC_ROOT_CLASS = YES_ERROR;
				CLANG_WARN_UNREACHABLE_CODE = YES;
				CLANG_WARN__DUPLICATE_METHOD_MATCH = YES;
				"CODE_SIGN_IDENTITY[sdk=iphoneos*]" = "iPhone Developer";
				COPY_PHASE_STRIP = NO;
				DEBUG_INFORMATION_FORMAT = dwarf;
				ENABLE_STRICT_OBJC_MSGSEND = YES;
				ENABLE_TESTABILITY = YES;
				GCC_C_LANGUAGE_STANDARD = gnu99;
				GCC_DYNAMIC_NO_PIC = NO;
				GCC_NO_COMMON_BLOCKS = YES;
				GCC_OPTIMIZATION_LEVEL = 0;
				GCC_PREPROCESSOR_DEFINITIONS = (
					"DEBUG=1",
					"$(inherited)",
				);
				GCC_WARN_64_TO_32_BIT_CONVERSION = YES;
				GCC_WARN_ABOUT_RETURN_TYPE = YES_ERROR;
				GCC_WARN_UNDECLARED_SELECTOR = YES;
				GCC_WARN_UNINITIALIZED_AUTOS = YES_AGGRESSIVE;
				GCC_WARN_UNUSED_FUNCTION = YES;
				GCC_WARN_UNUSED_VARIABLE = YES;
				IPHONEOS_DEPLOYMENT_TARGET = 9.3;
				MTL_ENABLE_DEBUG_INFO = YES;
				ONLY_ACTIVE_ARCH = YES;
				SDKROOT = iphoneos;
				TARGETED_DEVICE_FAMILY = "1,2";
			};
			name = Debug;
		};
		231D5EB41D65509F00BC7286 /* Release */ = {
			isa = XCBuildConfiguration;
			buildSettings = {
				ALWAYS_SEARCH_USER_PATHS = NO;
				CLANG_ANALYZER_NONNULL = YES;
				CLANG_CXX_LANGUAGE_STANDARD = "gnu++0x";
				CLANG_CXX_LIBRARY = "libc++";
				CLANG_ENABLE_MODULES = YES;
				CLANG_ENABLE_OBJC_ARC = YES;
				CLANG_WARN_BOOL_CONVERSION = YES;
				CLANG_WARN_CONSTANT_CONVERSION = YES;
				CLANG_WARN_DIRECT_OBJC_ISA_USAGE = YES_ERROR;
				CLANG_WARN_EMPTY_BODY = YES;
				CLANG_WARN_ENUM_CONVERSION = YES;
				CLANG_WARN_INT_CONVERSION = YES;
				CLANG_WARN_OBJC_ROOT_CLASS = YES_ERROR;
				CLANG_WARN_UNREACHABLE_CODE = YES;
				CLANG_WARN__DUPLICATE_METHOD_MATCH = YES;
				"CODE_SIGN_IDENTITY[sdk=iphoneos*]" = "iPhone Developer";
				COPY_PHASE_STRIP = NO;
				DEBUG_INFORMATION_FORMAT = "dwarf-with-dsym";
				ENABLE_NS_ASSERTIONS = NO;
				ENABLE_STRICT_OBJC_MSGSEND = YES;
				GCC_C_LANGUAGE_STANDARD = gnu99;
				GCC_NO_COMMON_BLOCKS = YES;
				GCC_WARN_64_TO_32_BIT_CONVERSION = YES;
				GCC_WARN_ABOUT_RETURN_TYPE = YES_ERROR;
				GCC_WARN_UNDECLARED_SELECTOR = YES;
				GCC_WARN_UNINITIALIZED_AUTOS = YES_AGGRESSIVE;
				GCC_WARN_UNUSED_FUNCTION = YES;
				GCC_WARN_UNUSED_VARIABLE = YES;
				IPHONEOS_DEPLOYMENT_TARGET = 9.3;
				MTL_ENABLE_DEBUG_INFO = NO;
				SDKROOT = iphoneos;
				TARGETED_DEVICE_FAMILY = "1,2";
				VALIDATE_PRODUCT = YES;
			};
			name = Release;
		};
		231D5EB61D65509F00BC7286 /* Debug */ = {
			isa = XCBuildConfiguration;
			baseConfigurationReference = C10E9A8339F2E46E4EAFE867 /* Pods-TableviewCellCalculateHeightDemo.debug.xcconfig */;
			buildSettings = {
				ASSETCATALOG_COMPILER_APPICON_NAME = AppIcon;
				CODE_SIGN_IDENTITY = "iPhone Developer";
				"CODE_SIGN_IDENTITY[sdk=iphoneos*]" = "iPhone Developer";
				FRAMEWORK_SEARCH_PATHS = (
					"$(inherited)",
					"$(PROJECT_DIR)/TableviewCellCalculateHeightDemo",
				);
				GCC_PREFIX_HEADER = /Users/mahaozhe/Desktop/gitCode/TableviewCellCalculateHeightDemo/TableviewCellCalculateHeightDemo/PrefixHeader.pch;
				INFOPLIST_FILE = TableviewCellCalculateHeightDemo/Info.plist;
				IPHONEOS_DEPLOYMENT_TARGET = 8.0;
				LD_RUNPATH_SEARCH_PATHS = "$(inherited) @executable_path/Frameworks";
				PRODUCT_BUNDLE_IDENTIFIER = com.junanxin.TableviewCellCalculateHeightDemo;
				PRODUCT_NAME = "$(TARGET_NAME)";
				PROVISIONING_PROFILE = "";
				TARGETED_DEVICE_FAMILY = 1;
			};
			name = Debug;
		};
		231D5EB71D65509F00BC7286 /* Release */ = {
			isa = XCBuildConfiguration;
			baseConfigurationReference = ABDDBB74D3D02846C7D2F65A /* Pods-TableviewCellCalculateHeightDemo.release.xcconfig */;
			buildSettings = {
				ASSETCATALOG_COMPILER_APPICON_NAME = AppIcon;
				CODE_SIGN_IDENTITY = "iPhone Developer";
				"CODE_SIGN_IDENTITY[sdk=iphoneos*]" = "iPhone Developer";
				FRAMEWORK_SEARCH_PATHS = (
					"$(inherited)",
					"$(PROJECT_DIR)/TableviewCellCalculateHeightDemo",
				);
				GCC_PREFIX_HEADER = /Users/mahaozhe/Desktop/gitCode/TableviewCellCalculateHeightDemo/TableviewCellCalculateHeightDemo/PrefixHeader.pch;
				INFOPLIST_FILE = TableviewCellCalculateHeightDemo/Info.plist;
				IPHONEOS_DEPLOYMENT_TARGET = 8.0;
				LD_RUNPATH_SEARCH_PATHS = "$(inherited) @executable_path/Frameworks";
				PRODUCT_BUNDLE_IDENTIFIER = com.junanxin.TableviewCellCalculateHeightDemo;
				PRODUCT_NAME = "$(TARGET_NAME)";
				PROVISIONING_PROFILE = "";
				TARGETED_DEVICE_FAMILY = 1;
			};
			name = Release;
		};
		231D5EB91D65509F00BC7286 /* Debug */ = {
			isa = XCBuildConfiguration;
			buildSettings = {
				BUNDLE_LOADER = "$(TEST_HOST)";
				INFOPLIST_FILE = TableviewCellCalculateHeightDemoTests/Info.plist;
				LD_RUNPATH_SEARCH_PATHS = "$(inherited) @executable_path/Frameworks @loader_path/Frameworks";
				PRODUCT_BUNDLE_IDENTIFIER = com.junanxin.TableviewCellCalculateHeightDemoTests;
				PRODUCT_NAME = "$(TARGET_NAME)";
				TEST_HOST = "$(BUILT_PRODUCTS_DIR)/TableviewCellCalculateHeightDemo.app/TableviewCellCalculateHeightDemo";
			};
			name = Debug;
		};
		231D5EBA1D65509F00BC7286 /* Release */ = {
			isa = XCBuildConfiguration;
			buildSettings = {
				BUNDLE_LOADER = "$(TEST_HOST)";
				INFOPLIST_FILE = TableviewCellCalculateHeightDemoTests/Info.plist;
				LD_RUNPATH_SEARCH_PATHS = "$(inherited) @executable_path/Frameworks @loader_path/Frameworks";
				PRODUCT_BUNDLE_IDENTIFIER = com.junanxin.TableviewCellCalculateHeightDemoTests;
				PRODUCT_NAME = "$(TARGET_NAME)";
				TEST_HOST = "$(BUILT_PRODUCTS_DIR)/TableviewCellCalculateHeightDemo.app/TableviewCellCalculateHeightDemo";
			};
			name = Release;
		};
		231D5EBC1D65509F00BC7286 /* Debug */ = {
			isa = XCBuildConfiguration;
			buildSettings = {
				INFOPLIST_FILE = TableviewCellCalculateHeightDemoUITests/Info.plist;
				LD_RUNPATH_SEARCH_PATHS = "$(inherited) @executable_path/Frameworks @loader_path/Frameworks";
				PRODUCT_BUNDLE_IDENTIFIER = com.junanxin.TableviewCellCalculateHeightDemoUITests;
				PRODUCT_NAME = "$(TARGET_NAME)";
				TEST_TARGET_NAME = TableviewCellCalculateHeightDemo;
			};
			name = Debug;
		};
		231D5EBD1D65509F00BC7286 /* Release */ = {
			isa = XCBuildConfiguration;
			buildSettings = {
				INFOPLIST_FILE = TableviewCellCalculateHeightDemoUITests/Info.plist;
				LD_RUNPATH_SEARCH_PATHS = "$(inherited) @executable_path/Frameworks @loader_path/Frameworks";
				PRODUCT_BUNDLE_IDENTIFIER = com.junanxin.TableviewCellCalculateHeightDemoUITests;
				PRODUCT_NAME = "$(TARGET_NAME)";
				TEST_TARGET_NAME = TableviewCellCalculateHeightDemo;
			};
			name = Release;
		};
/* End XCBuildConfiguration section */

/* Begin XCConfigurationList section */
		231D5E831D65509E00BC7286 /* Build configuration list for PBXProject "TableviewCellCalculateHeightDemo" */ = {
			isa = XCConfigurationList;
			buildConfigurations = (
				231D5EB31D65509F00BC7286 /* Debug */,
				231D5EB41D65509F00BC7286 /* Release */,
			);
			defaultConfigurationIsVisible = 0;
			defaultConfigurationName = Release;
		};
		231D5EB51D65509F00BC7286 /* Build configuration list for PBXNativeTarget "TableviewCellCalculateHeightDemo" */ = {
			isa = XCConfigurationList;
			buildConfigurations = (
				231D5EB61D65509F00BC7286 /* Debug */,
				231D5EB71D65509F00BC7286 /* Release */,
			);
			defaultConfigurationIsVisible = 0;
			defaultConfigurationName = Release;
		};
		231D5EB81D65509F00BC7286 /* Build configuration list for PBXNativeTarget "TableviewCellCalculateHeightDemoTests" */ = {
			isa = XCConfigurationList;
			buildConfigurations = (
				231D5EB91D65509F00BC7286 /* Debug */,
				231D5EBA1D65509F00BC7286 /* Release */,
			);
			defaultConfigurationIsVisible = 0;
			defaultConfigurationName = Release;
		};
		231D5EBB1D65509F00BC7286 /* Build configuration list for PBXNativeTarget "TableviewCellCalculateHeightDemoUITests" */ = {
			isa = XCConfigurationList;
			buildConfigurations = (
				231D5EBC1D65509F00BC7286 /* Debug */,
				231D5EBD1D65509F00BC7286 /* Release */,
			);
			defaultConfigurationIsVisible = 0;
			defaultConfigurationName = Release;
		};
/* End XCConfigurationList section */
	};
	rootObject = 231D5E801D65509E00BC7286 /* Project object */;
}
